
Microsoft Visual Studio Solution File, Format Version 12.00
# Visual Studio Version 17
VisualStudioVersion = 17.7.34003.232
MinimumVisualStudioVersion = 10.0.40219.1
Project("{9A19103F-16F7-4668-BE54-9A1E7A4F7556}") = "RobotvsDinosaur", "RobotvsDinosour\RobotvsDinosaur.csproj", "{D678D967-3481-4E04-854B-8ED3944FB13B}"
EndProject
Global
	GlobalSection(SolutionConfigurationPlatforms) = preSolution
		Debug|Any CPU = Debug|Any CPU
		Release|Any CPU = Release|Any CPU
	EndGlobalSection
	GlobalSection(ProjectConfigurationPlatforms) = postSolution
		{D678D967-3481-4E04-854B-8ED3944FB13B}.Debug|Any CPU.ActiveCfg = Debug|Any CPU
		{D678D967-3481-4E04-854B-8ED3944FB13B}.Debug|Any CPU.Build.0 = Debug|Any CPU
		{D678D967-3481-4E04-854B-8ED3944FB13B}.Release|Any CPU.ActiveCfg = Release|Any CPU
		{D678D967-3481-4E04-854B-8ED3944FB13B}.Release|Any CPU.Build.0 = Release|Any CPU
	EndGlobalSection
	GlobalSection(SolutionProperties) = preSolution
		HideSolutionNode = FALSE
	EndGlobalSection
	GlobalSection(ExtensibilityGlobals) = postSolution
		SolutionGuid = {5DD61AF9-BD32-44C6-9FDC-BBD66F2967E8}
	EndGlobalSection
EndGlobal
